PODS:
  - Flutter (1.0.0)
  - flutter_keyboard_visibility (0.0.1):
    - Flutter
  - flutter_local_notifications (0.0.1):
    - Flutter
  - flutter_native_splash (0.0.1):
    - Flutter
  - image_picker_ios (0.0.1):
    - Flutter
  - ObjectBox (1.9.2)
  - objectbox_flutter_libs (0.0.1):
    - Flutter
    - ObjectBox (= 1.9.2)
  - path_provider_foundation (0.0.1):
    - Flutter
    - FlutterMacOS
  - restart_app (0.0.1):
    - Flutter
  - rive_common (0.0.1):
    - Flutter
  - social_share (0.0.1):
    - Flutter

DEPENDENCIES:
  - Flutter (from `Flutter`)
  - flutter_keyboard_visibility (from `.symlinks/plugins/flutter_keyboard_visibility/ios`)
  - flutter_local_notifications (from `.symlinks/plugins/flutter_local_notifications/ios`)
  - flutter_native_splash (from `.symlinks/plugins/flutter_native_splash/ios`)
  - image_picker_ios (from `.symlinks/plugins/image_picker_ios/ios`)
  - objectbox_flutter_libs (from `.symlinks/plugins/objectbox_flutter_libs/ios`)
  - path_provider_foundation (from `.symlinks/plugins/path_provider_foundation/darwin`)
  - restart_app (from `.symlinks/plugins/restart_app/ios`)
  - rive_common (from `.symlinks/plugins/rive_common/ios`)
  - social_share (from `.symlinks/plugins/social_share/ios`)

SPEC REPOS:
  trunk:
    - ObjectBox

EXTERNAL SOURCES:
  Flutter:
    :path: Flutter
  flutter_keyboard_visibility:
    :path: ".symlinks/plugins/flutter_keyboard_visibility/ios"
  flutter_local_notifications:
    :path: ".symlinks/plugins/flutter_local_notifications/ios"
  flutter_native_splash:
    :path: ".symlinks/plugins/flutter_native_splash/ios"
  image_picker_ios:
    :path: ".symlinks/plugins/image_picker_ios/ios"
  objectbox_flutter_libs:
    :path: ".symlinks/plugins/objectbox_flutter_libs/ios"
  path_provider_foundation:
    :path: ".symlinks/plugins/path_provider_foundation/darwin"
  restart_app:
    :path: ".symlinks/plugins/restart_app/ios"
  rive_common:
    :path: ".symlinks/plugins/rive_common/ios"
  social_share:
    :path: ".symlinks/plugins/social_share/ios"

SPEC CHECKSUMS:
  Flutter: e0871f40cf51350855a761d2e70bf5af5b9b5de7
  flutter_keyboard_visibility: 0339d06371254c3eb25eeb90ba8d17dca8f9c069
  flutter_local_notifications: 0c0b1ae97e741e1521e4c1629a459d04b9aec743
  flutter_native_splash: edf599c81f74d093a4daf8e17bd7a018854bc778
  image_picker_ios: b545a5f16c0fa88e3ecbbce3ed4de45567a8ec18
  ObjectBox: 46757a559717ab49b1cc0612eaff82b705acf394
  objectbox_flutter_libs: 103f3a273b594cb664255086a386740bc179f97d
  path_provider_foundation: 3784922295ac71e43754bd15e0653ccfd36a147c
  restart_app: 806659942bf932f6ce51c5372f91ce5e81c8c14a
  rive_common: 8a159d68033a8b073e5853acc50f03aa486a2888
  social_share: 702a5e3842addd22db515aa9e1e00a4b80a0296d

PODFILE CHECKSUM: c4c93c5f6502fe2754f48404d3594bf779584011

COCOAPODS: 1.13.0
